// !$*UTF8*$!
{
	archiveVersion = 1;
	classes = {
	};
	objectVersion = 48;
	objects = {

/* Begin PBXBuildFile section */
		266508D7203620E4000C9DBB /* lose.m4a in Resources */ = {isa = PBXBuildFile; fileRef = 266508D420361F3C000C9DBB /* lose.m4a */; };
		266508D8203620E8000C9DBB /* win.m4a in Resources */ = {isa = PBXBuildFile; fileRef = 266508D520361F43000C9DBB /* win.m4a */; };
		267B57172034F1B1006A91E4 /* AppDelegate.swift in Sources */ = {isa = PBXBuildFile; fileRef = 267B57162034F1B1006A91E4 /* AppDelegate.swift */; };
		267B571E2034F1B1006A91E4 /* Main.storyboard in Resources */ = {isa = PBXBuildFile; fileRef = 267B571C2034F1B1006A91E4 /* Main.storyboard */; };
		267B57202034F1B1006A91E4 /* Assets.xcassets in Resources */ = {isa = PBXBuildFile; fileRef = 267B571F2034F1B1006A91E4 /* Assets.xcassets */; };
		267B57232034F1B1006A91E4 /* LaunchScreen.storyboard in Resources */ = {isa = PBXBuildFile; fileRef = 267B57212034F1B1006A91E4 /* LaunchScreen.storyboard */; };
		267B572B2034F80E006A91E4 /* GameViewController.swift in Sources */ = {isa = PBXBuildFile; fileRef = 267B572A2034F80E006A91E4 /* GameViewController.swift */; };
		267B572D2034FE51006A91E4 /* Helpers.swift in Sources */ = {isa = PBXBuildFile; fileRef = 267B572C2034FE51006A91E4 /* Helpers.swift */; };
		267B572F20351AC4006A91E4 /* SetupController.swift in Sources */ = {isa = PBXBuildFile; fileRef = 267B572E20351AC4006A91E4 /* SetupController.swift */; };
		267B573120351B97006A91E4 /* LeaderboardController.swift in Sources */ = {isa = PBXBuildFile; fileRef = 267B573020351B97006A91E4 /* LeaderboardController.swift */; };
		26D02DC320353D86004EEAA1 /* questions.plist in Resources */ = {isa = PBXBuildFile; fileRef = 26D02DC220353D86004EEAA1 /* questions.plist */; };
/* End PBXBuildFile section */

/* Begin PBXFileReference section */
		266508D420361F3C000C9DBB /* lose.m4a */ = {isa = PBXFileReference; lastKnownFileType = file; path = lose.m4a; sourceTree = "<group>"; };
		266508D520361F43000C9DBB /* win.m4a */ = {isa = PBXFileReference; lastKnownFileType = file; path = win.m4a; sourceTree = "<group>"; };
		267B57132034F1B1006A91E4 /* emojiquiz.app */ = {isa = PBXFileReference; explicitFileType = wrapper.application; includeInIndex = 0; path = emojiquiz.app; sourceTree = BUILT_PRODUCTS_DIR; };
		267B57162034F1B1006A91E4 /* AppDelegate.swift */ = {isa = PBXFileReference; lastKnownFileType = sourcecode.swift; path = AppDelegate.swift; sourceTree = "<group>"; };
		267B571D2034F1B1006A91E4 /* Base */ = {isa = PBXFileReference; lastKnownFileType = file.storyboard; name = Base; path = Base.lproj/Main.storyboard; sourceTree = "<group>"; };
		267B571F2034F1B1006A91E4 /* Assets.xcassets */ = {isa = PBXFileReference; lastKnownFileType = folder.assetcatalog; path = Assets.xcassets; sourceTree = "<group>"; };
		267B57222034F1B1006A91E4 /* Base */ = {isa = PBXFileReference; lastKnownFileType = file.storyboard; name = Base; path = Base.lproj/LaunchScreen.storyboard; sourceTree = "<group>"; };
		267B57242034F1B1006A91E4 /* Info.plist */ = {isa = PBXFileReference; lastKnownFileType = text.plist.xml; path = Info.plist; sourceTree = "<group>"; };
		267B572A2034F80E006A91E4 /* GameViewController.swift */ = {isa = PBXFileReference; lastKnownFileType = sourcecode.swift; path = GameViewController.swift; sourceTree = "<group>"; };
		267B572C2034FE51006A91E4 /* Helpers.swift */ = {isa = PBXFileReference; lastKnownFileType = sourcecode.swift; path = Helpers.swift; sourceTree = "<group>"; };
		267B572E20351AC4006A91E4 /* SetupController.swift */ = {isa = PBXFileReference; lastKnownFileType = sourcecode.swift; path = SetupController.swift; sourceTree = "<group>"; };
		267B573020351B97006A91E4 /* LeaderboardController.swift */ = {isa = PBXFileReference; lastKnownFileType = sourcecode.swift; path = LeaderboardController.swift; sourceTree = "<group>"; };
		26D02DC220353D86004EEAA1 /* questions.plist */ = {isa = PBXFileReference; lastKnownFileType = text.plist.xml; path = questions.plist; sourceTree = "<group>"; };
/* End PBXFileReference section */

/* Begin PBXFrameworksBuildPhase section */
		267B57102034F1B1006A91E4 /* Frameworks */ = {
			isa = PBXFrameworksBuildPhase;
			buildActionMask = 2147483647;
			files = (
			);
			runOnlyForDeploymentPostprocessing = 0;
		};
/* End PBXFrameworksBuildPhase section */

/* Begin PBXGroup section */
		266508D620361F4B000C9DBB /* sounds */ = {
			isa = PBXGroup;
			children = (
				266508D420361F3C000C9DBB /* lose.m4a */,
				266508D520361F43000C9DBB /* win.m4a */,
			);
			path = sounds;
			sourceTree = "<group>";
		};
		267B570A2034F1B1006A91E4 = {
			isa = PBXGroup;
			children = (
				267B57152034F1B1006A91E4 /* emojiquiz */,
				267B57142034F1B1006A91E4 /* Products */,
			);
			sourceTree = "<group>";
		};
		267B57142034F1B1006A91E4 /* Products */ = {
			isa = PBXGroup;
			children = (
				267B57132034F1B1006A91E4 /* emojiquiz.app */,
			);
			name = Products;
			sourceTree = "<group>";
		};
		267B57152034F1B1006A91E4 /* emojiquiz */ = {
			isa = PBXGroup;
			children = (
				26D02DC220353D86004EEAA1 /* questions.plist */,
				267B57162034F1B1006A91E4 /* AppDelegate.swift */,
				266508D620361F4B000C9DBB /* sounds */,
				267B571C2034F1B1006A91E4 /* Main.storyboard */,
				267B573320351BEE006A91E4 /* Controllers */,
				267B572C2034FE51006A91E4 /* Helpers.swift */,
				267B571F2034F1B1006A91E4 /* Assets.xcassets */,
				267B57212034F1B1006A91E4 /* LaunchScreen.storyboard */,
				267B57242034F1B1006A91E4 /* Info.plist */,
			);
			path = emojiquiz;
			sourceTree = "<group>";
		};
		267B573320351BEE006A91E4 /* Controllers */ = {
			isa = PBXGroup;
			children = (
				267B573020351B97006A91E4 /* LeaderboardController.swift */,
				267B572E20351AC4006A91E4 /* SetupController.swift */,
				267B572A2034F80E006A91E4 /* GameViewController.swift */,
			);
			path = Controllers;
			sourceTree = "<group>";
		};
/* End PBXGroup section */

/* Begin PBXNativeTarget section */
		267B57122034F1B1006A91E4 /* emojiquiz */ = {
			isa = PBXNativeTarget;
			buildConfigurationList = 267B57272034F1B1006A91E4 /* Build configuration list for PBXNativeTarget "emojiquiz" */;
			buildPhases = (
				267B570F2034F1B1006A91E4 /* Sources */,
				267B57102034F1B1006A91E4 /* Frameworks */,
				267B57112034F1B1006A91E4 /* Resources */,
			);
			buildRules = (
			);
			dependencies = (
			);
			name = emojiquiz;
			productName = emojiquiz;
			productReference = 267B57132034F1B1006A91E4 /* emojiquiz.app */;
			productType = "com.apple.product-type.application";
		};
/* End PBXNativeTarget section */

/* Begin PBXProject section */
		267B570B2034F1B1006A91E4 /* Project object */ = {
			isa = PBXProject;
			attributes = {
				LastSwiftUpdateCheck = 0920;
				LastUpgradeCheck = 0920;
				ORGANIZATIONNAME = "Robin Diddams";
				TargetAttributes = {
					267B57122034F1B1006A91E4 = {
						CreatedOnToolsVersion = 9.2;
						ProvisioningStyle = Automatic;
					};
				};
			};
			buildConfigurationList = 267B570E2034F1B1006A91E4 /* Build configuration list for PBXProject "emojiquiz" */;
			compatibilityVersion = "Xcode 8.0";
			developmentRegion = en;
			hasScannedForEncodings = 0;
			knownRegions = (
				en,
				Base,
			);
			mainGroup = 267B570A2034F1B1006A91E4;
			productRefGroup = 267B57142034F1B1006A91E4 /* Products */;
			projectDirPath = "";
			projectRoot = "";
			targets = (
				267B57122034F1B1006A91E4 /* emojiquiz */,
			);
		};
/* End PBXProject section */

/* Begin PBXResourcesBuildPhase section */
		267B57112034F1B1006A91E4 /* Resources */ = {
			isa = PBXResourcesBuildPhase;
			buildActionMask = 2147483647;
			files = (
				266508D8203620E8000C9DBB /* win.m4a in Resources */,
				266508D7203620E4000C9DBB /* lose.m4a in Resources */,
				26D02DC320353D86004EEAA1 /* questions.plist in Resources */,
				267B57232034F1B1006A91E4 /* LaunchScreen.storyboard in Resources */,
				267B57202034F1B1006A91E4 /* Assets.xcassets in Resources */,
				267B571E2034F1B1006A91E4 /* Main.storyboard in Resources */,
			);
			runOnlyForDeploymentPostprocessing = 0;
		};
/* End PBXResourcesBuildPhase section */

/* Begin PBXSourcesBuildPhase section */
		267B570F2034F1B1006A91E4 /* Sources */ = {
			isa = PBXSourcesBuildPhase;
			buildActionMask = 2147483647;
			files = (
				267B572D2034FE51006A91E4 /* Helpers.swift in Sources */,
				267B573120351B97006A91E4 /* LeaderboardController.swift in Sources */,
				267B572B2034F80E006A91E4 /* GameViewController.swift in Sources */,
				267B572F20351AC4006A91E4 /* SetupController.swift in Sources */,
				267B57172034F1B1006A91E4 /* AppDelegate.swift in Sources */,
			);
			runOnlyForDeploymentPostprocessing = 0;
		};
/* End PBXSourcesBuildPhase section */

/* Begin PBXVariantGroup section */
		267B571C2034F1B1006A91E4 /* Main.storyboard */ = {
			isa = PBXVariantGroup;
			children = (
				267B571D2034F1B1006A91E4 /* Base */,
			);
			name = Main.storyboard;
			sourceTree = "<group>";
		};
		267B57212034F1B1006A91E4 /* LaunchScreen.storyboard */ = {
			isa = PBXVariantGroup;
			children = (
				267B57222034F1B1006A91E4 /* Base */,
			);
			name = LaunchScreen.storyboard;
			sourceTree = "<group>";
		};
/* End PBXVariantGroup section */

/* Begin XCBuildConfiguration section */
		267B57252034F1B1006A91E4 /* Debug */ = {
			isa = XCBuildConfiguration;
			buildSettings = {
				ALWAYS_SEARCH_USER_PATHS = NO;
				CLANG_ANALYZER_NONNULL = YES;
				CLANG_ANALYZER_NUMBER_OBJECT_CONVERSION = YES_AGGRESSIVE;
				CLANG_CXX_LANGUAGE_STANDARD = "gnu++14";
				CLANG_CXX_LIBRARY = "libc++";
				CLANG_ENABLE_MODULES = YES;
				CLANG_ENABLE_OBJC_ARC = YES;
				CLANG_WARN_BLOCK_CAPTURE_AUTORELEASING = YES;
				CLANG_WARN_BOOL_CONVERSION = YES;
				CLANG_WARN_COMMA = YES;
				CLANG_WARN_CONSTANT_CONVERSION = YES;
				CLANG_WARN_DIRECT_OBJC_ISA_USAGE = YES_ERROR;
				CLANG_WARN_DOCUMENTATION_COMMENTS = YES;
				CLANG_WARN_EMPTY_BODY = YES;
				CLANG_WARN_ENUM_CONVERSION = YES;
				CLANG_WARN_INFINITE_RECURSION = YES;
				CLANG_WARN_INT_CONVERSION = YES;
				CLANG_WARN_NON_LITERAL_NULL_CONVERSION = YES;
				CLANG_WARN_OBJC_LITERAL_CONVERSION = YES;
				CLANG_WARN_OBJC_ROOT_CLASS = YES_ERROR;
				CLANG_WARN_RANGE_LOOP_ANALYSIS = YES;
				CLANG_WARN_STRICT_PROTOTYPES = YES;
				CLANG_WARN_SUSPICIOUS_MOVE = YES;
				CLANG_WARN_UNGUARDED_AVAILABILITY = YES_AGGRESSIVE;
				CLANG_WARN_UNREACHABLE_CODE = YES;
				CLANG_WARN__DUPLICATE_METHOD_MATCH = YES;
				CODE_SIGN_IDENTITY = "iPhone Developer";
				COPY_PHASE_STRIP = NO;
				DEBUG_INFORMATION_FORMAT = dwarf;
				ENABLE_STRICT_OBJC_MSGSEND = YES;
				ENABLE_TESTABILITY = YES;
				GCC_C_LANGUAGE_STANDARD = gnu11;
				GCC_DYNAMIC_NO_PIC = NO;
				GCC_NO_COMMON_BLOCKS = YES;
				GCC_OPTIMIZATION_LEVEL = 0;
				GCC_PREPROCESSOR_DEFINITIONS = (
					"DEBUG=1",
					"$(inherited)",
				);
				GCC_WARN_64_TO_32_BIT_CONVERSION = YES;
				GCC_WARN_ABOUT_RETURN_TYPE = YES_ERROR;
				GCC_WARN_UNDECLARED_SELECTOR = YES;
				GCC_WARN_UNINITIALIZED_AUTOS = YES_AGGRESSIVE;
				GCC_WARN_UNUSED_FUNCTION = YES;
				GCC_WARN_UNUSED_VARIABLE = YES;
				IPHONEOS_DEPLOYMENT_TARGET = 11.2;
				MTL_ENABLE_DEBUG_INFO = YES;
				ONLY_ACTIVE_ARCH = YES;
				SDKROOT = iphoneos;
				SWIFT_ACTIVE_COMPILATION_CONDITIONS = DEBUG;
				SWIFT_OPTIMIZATION_LEVEL = "-Onone";
			};
			name = Debug;
		};
		267B57262034F1B1006A91E4 /* Release */ = {
			isa = XCBuildConfiguration;
			buildSettings = {
				ALWAYS_SEARCH_USER_PATHS = NO;
				CLANG_ANALYZER_NONNULL = YES;
				CLANG_ANALYZER_NUMBER_OBJECT_CONVERSION = YES_AGGRESSIVE;
				CLANG_CXX_LANGUAGE_STANDARD = "gnu++14";
				CLANG_CXX_LIBRARY = "libc++";
				CLANG_ENABLE_MODULES = YES;
				CLANG_ENABLE_OBJC_ARC = YES;
				CLANG_WARN_BLOCK_CAPTURE_AUTORELEASING = YES;
				CLANG_WARN_BOOL_CONVERSION = YES;
				CLANG_WARN_COMMA = YES;
				CLANG_WARN_CONSTANT_CONVERSION = YES;
				CLANG_WARN_DIRECT_OBJC_ISA_USAGE = YES_ERROR;
				CLANG_WARN_DOCUMENTATION_COMMENTS = YES;
				CLANG_WARN_EMPTY_BODY = YES;
				CLANG_WARN_ENUM_CONVERSION = YES;
				CLANG_WARN_INFINITE_RECURSION = YES;
				CLANG_WARN_INT_CONVERSION = YES;
				CLANG_WARN_NON_LITERAL_NULL_CONVERSION = YES;
				CLANG_WARN_OBJC_LITERAL_CONVERSION = YES;
				CLANG_WARN_OBJC_ROOT_CLASS = YES_ERROR;
				CLANG_WARN_RANGE_LOOP_ANALYSIS = YES;
				CLANG_WARN_STRICT_PROTOTYPES = YES;
				CLANG_WARN_SUSPICIOUS_MOVE = YES;
				CLANG_WARN_UNGUARDED_AVAILABILITY = YES_AGGRESSIVE;
				CLANG_WARN_UNREACHABLE_CODE = YES;
				CLANG_WARN__DUPLICATE_METHOD_MATCH = YES;
				CODE_SIGN_IDENTITY = "iPhone Developer";
				COPY_PHASE_STRIP = NO;
				DEBUG_INFORMATION_FORMAT = "dwarf-with-dsym";
				ENABLE_NS_ASSERTIONS = NO;
				ENABLE_STRICT_OBJC_MSGSEND = YES;
				GCC_C_LANGUAGE_STANDARD = gnu11;
				GCC_NO_COMMON_BLOCKS = YES;
				GCC_WARN_64_TO_32_BIT_CONVERSION = YES;
				GCC_WARN_ABOUT_RETURN_TYPE = YES_ERROR;
				GCC_WARN_UNDECLARED_SELECTOR = YES;
				GCC_WARN_UNINITIALIZED_AUTOS = YES_AGGRESSIVE;
				GCC_WARN_UNUSED_FUNCTION = YES;
				GCC_WARN_UNUSED_VARIABLE = YES;
				IPHONEOS_DEPLOYMENT_TARGET = 11.2;
				MTL_ENABLE_DEBUG_INFO = NO;
				SDKROOT = iphoneos;
				SWIFT_OPTIMIZATION_LEVEL = "-Owholemodule";
				VALIDATE_PRODUCT = YES;
			};
			name = Release;
		};
		267B57282034F1B1006A91E4 /* Debug */ = {
			isa = XCBuildConfiguration;
			buildSettings = {
				ASSETCATALOG_COMPILER_APPICON_NAME = AppIcon;
				CODE_SIGN_STYLE = Automatic;
				DEVELOPMENT_TEAM = CJYR4ZJ5FC;
				INFOPLIST_FILE = emojiquiz/Info.plist;
				LD_RUNPATH_SEARCH_PATHS = "$(inherited) @executable_path/Frameworks";
				PRODUCT_BUNDLE_IDENTIFIER = com.robindiddams.emojiquiz;
				PRODUCT_NAME = "$(TARGET_NAME)";
				SWIFT_VERSION = 4.0;
				TARGETED_DEVICE_FAMILY = "1,2";
			};
			name = Debug;
		};
		267B57292034F1B1006A91E4 /* Release */ = {
			isa = XCBuildConfiguration;
			buildSettings = {
				ASSETCATALOG_COMPILER_APPICON_NAME = AppIcon;
				CODE_SIGN_STYLE = Automatic;
				DEVELOPMENT_TEAM = CJYR4ZJ5FC;
				INFOPLIST_FILE = emojiquiz/Info.plist;
				LD_RUNPATH_SEARCH_PATHS = "$(inherited) @executable_path/Frameworks";
				PRODUCT_BUNDLE_IDENTIFIER = com.robindiddams.emojiquiz;
				PRODUCT_NAME = "$(TARGET_NAME)";
				SWIFT_VERSION = 4.0;
				TARGETED_DEVICE_FAMILY = "1,2";
			};
			name = Release;
		};
/* End XCBuildConfiguration section */

/* Begin XCConfigurationList section */
		267B570E2034F1B1006A91E4 /* Build configuration list for PBXProject "emojiquiz" */ = {
			isa = XCConfigurationList;
			buildConfigurations = (
				267B57252034F1B1006A91E4 /* Debug */,
				267B57262034F1B1006A91E4 /* Release */,
			);
			defaultConfigurationIsVisible = 0;
			defaultConfigurationName = Release;
		};
		267B57272034F1B1006A91E4 /* Build configuration list for PBXNativeTarget "emojiquiz" */ = {
			isa = XCConfigurationList;
			buildConfigurations = (
				267B57282034F1B1006A91E4 /* Debug */,
				267B57292034F1B1006A91E4 /* Release */,
			);
			defaultConfigurationIsVisible = 0;
			defaultConfigurationName = Release;
		};
/* End XCConfigurationList section */
	};
	rootObject = 267B570B2034F1B1006A91E4 /* Project object */;
}
